{
  "name": "playoffs-site",
  "version": "1.0.0",
  "lockfileVersion": 2,
  "requires": true,
  "packages": {
    "": {
      "name": "playoffs-site",
      "version": "1.0.0",
      "license": "ISC",
      "dependencies": {
        "playoffs": "^0.0.1"
      }
    },
    "node_modules/playoffs": {
      "version": "0.0.1",
      "license": "MIT",
      "engines": {
        "node": ">=16.2.0"
      }
    }
  },
  "dependencies": {
    "playoffs": {
      "version": "0.0.1"
    }
  }
}
