{
  "name": "easy-playoffs-site",
  "version": "1.0.0",
  "lockfileVersion": 1,
  "requires": true,
  "dependencies": {
    "easy-playoffs": {
      "version": "1.0.0",
      "resolved": "https://registry.npmjs.org/easy-playoffs/-/easy-playoffs-1.0.0.tgz",
      "integrity": "sha512-BCJi7MH6ERDzI7lcltCvoASjQzakzGopcbph6NF+yP6znO5J86K4AmCG0py06d09oYgclJUKXqGTez5DeRzzWw=="
    }
  }
}
